// !$*UTF8*$!
{
	archiveVersion = 1;
	classes = {
	};
	objectVersion = 56;
	objects = {

/* Begin PBXBuildFile section */
		382B7062FF6ECC8BF302166F /* Pods_CalcAreas.framework in Frameworks */ = {isa = PBXBuildFile; fileRef = 361713BDB75A6FB9D5A62C40 /* Pods_CalcAreas.framework */; };
		627A396F29D7C16B00AF8BDD /* AppDelegate.swift in Sources */ = {isa = PBXBuildFile; fileRef = 627A396E29D7C16B00AF8BDD /* AppDelegate.swift */; };
		627A397129D7C16B00AF8BDD /* SceneDelegate.swift in Sources */ = {isa = PBXBuildFile; fileRef = 627A397029D7C16B00AF8BDD /* SceneDelegate.swift */; };
		627A397829D7C16C00AF8BDD /* Assets.xcassets in Resources */ = {isa = PBXBuildFile; fileRef = 627A397729D7C16C00AF8BDD /* Assets.xcassets */; };
		627A397B29D7C16C00AF8BDD /* LaunchScreen.storyboard in Resources */ = {isa = PBXBuildFile; fileRef = 627A397929D7C16C00AF8BDD /* LaunchScreen.storyboard */; };
		627A398329D7C65100AF8BDD /* HomeViewController.swift in Sources */ = {isa = PBXBuildFile; fileRef = 627A398229D7C65100AF8BDD /* HomeViewController.swift */; };
		627A398729D7C74800AF8BDD /* HomeScreen.swift in Sources */ = {isa = PBXBuildFile; fileRef = 627A398629D7C74800AF8BDD /* HomeScreen.swift */; };
/* End PBXBuildFile section */

/* Begin PBXFileReference section */
		361713BDB75A6FB9D5A62C40 /* Pods_CalcAreas.framework */ = {isa = PBXFileReference; explicitFileType = wrapper.framework; includeInIndex = 0; path = Pods_CalcAreas.framework; sourceTree = BUILT_PRODUCTS_DIR; };
		3A636BE9447A985A18231B38 /* Pods-CalcAreas.debug.xcconfig */ = {isa = PBXFileReference; includeInIndex = 1; lastKnownFileType = text.xcconfig; name = "Pods-CalcAreas.debug.xcconfig"; path = "Target Support Files/Pods-CalcAreas/Pods-CalcAreas.debug.xcconfig"; sourceTree = "<group>"; };
		627A396B29D7C16B00AF8BDD /* CalcAreas.app */ = {isa = PBXFileReference; explicitFileType = wrapper.application; includeInIndex = 0; path = CalcAreas.app; sourceTree = BUILT_PRODUCTS_DIR; };
		627A396E29D7C16B00AF8BDD /* AppDelegate.swift */ = {isa = PBXFileReference; lastKnownFileType = sourcecode.swift; path = AppDelegate.swift; sourceTree = "<group>"; };
		627A397029D7C16B00AF8BDD /* SceneDelegate.swift */ = {isa = PBXFileReference; lastKnownFileType = sourcecode.swift; path = SceneDelegate.swift; sourceTree = "<group>"; };
		627A397729D7C16C00AF8BDD /* Assets.xcassets */ = {isa = PBXFileReference; lastKnownFileType = folder.assetcatalog; path = Assets.xcassets; sourceTree = "<group>"; };
		627A397A29D7C16C00AF8BDD /* Base */ = {isa = PBXFileReference; lastKnownFileType = file.storyboard; name = Base; path = Base.lproj/LaunchScreen.storyboard; sourceTree = "<group>"; };
		627A397C29D7C16C00AF8BDD /* Info.plist */ = {isa = PBXFileReference; lastKnownFileType = text.plist.xml; path = Info.plist; sourceTree = "<group>"; };
		627A398229D7C65100AF8BDD /* HomeViewController.swift */ = {isa = PBXFileReference; lastKnownFileType = sourcecode.swift; path = HomeViewController.swift; sourceTree = "<group>"; };
		627A398629D7C74800AF8BDD /* HomeScreen.swift */ = {isa = PBXFileReference; lastKnownFileType = sourcecode.swift; path = HomeScreen.swift; sourceTree = "<group>"; };
		BA0CB622FC304B07C5A59CD9 /* Pods-CalcAreas.release.xcconfig */ = {isa = PBXFileReference; includeInIndex = 1; lastKnownFileType = text.xcconfig; name = "Pods-CalcAreas.release.xcconfig"; path = "Target Support Files/Pods-CalcAreas/Pods-CalcAreas.release.xcconfig"; sourceTree = "<group>"; };
/* End PBXFileReference section */

/* Begin PBXFrameworksBuildPhase section */
		627A396829D7C16B00AF8BDD /* Frameworks */ = {
			isa = PBXFrameworksBuildPhase;
			buildActionMask = 2147483647;
			files = (
				382B7062FF6ECC8BF302166F /* Pods_CalcAreas.framework in Frameworks */,
			);
			runOnlyForDeploymentPostprocessing = 0;
		};
/* End PBXFrameworksBuildPhase section */

/* Begin PBXGroup section */
		627A396229D7C16B00AF8BDD = {
			isa = PBXGroup;
			children = (
				627A396D29D7C16B00AF8BDD /* CalcAreas */,
				627A396C29D7C16B00AF8BDD /* Products */,
				70B218DA27080F949661881A /* Pods */,
				708FB568B9ECFF6B1CDE29A5 /* Frameworks */,
			);
			sourceTree = "<group>";
		};
		627A396C29D7C16B00AF8BDD /* Products */ = {
			isa = PBXGroup;
			children = (
				627A396B29D7C16B00AF8BDD /* CalcAreas.app */,
			);
			name = Products;
			sourceTree = "<group>";
		};
		627A396D29D7C16B00AF8BDD /* CalcAreas */ = {
			isa = PBXGroup;
			children = (
				627A396E29D7C16B00AF8BDD /* AppDelegate.swift */,
				627A397029D7C16B00AF8BDD /* SceneDelegate.swift */,
				627A398429D7C6C800AF8BDD /* Home */,
				627A397729D7C16C00AF8BDD /* Assets.xcassets */,
				627A397929D7C16C00AF8BDD /* LaunchScreen.storyboard */,
				627A397C29D7C16C00AF8BDD /* Info.plist */,
			);
			path = CalcAreas;
			sourceTree = "<group>";
		};
		627A398429D7C6C800AF8BDD /* Home */ = {
			isa = PBXGroup;
			children = (
				627A398529D7C6E900AF8BDD /* Screen */,
				627A398229D7C65100AF8BDD /* HomeViewController.swift */,
			);
			path = Home;
			sourceTree = "<group>";
		};
		627A398529D7C6E900AF8BDD /* Screen */ = {
			isa = PBXGroup;
			children = (
				627A398629D7C74800AF8BDD /* HomeScreen.swift */,
			);
			path = Screen;
			sourceTree = "<group>";
		};
		708FB568B9ECFF6B1CDE29A5 /* Frameworks */ = {
			isa = PBXGroup;
			children = (
				361713BDB75A6FB9D5A62C40 /* Pods_CalcAreas.framework */,
			);
			name = Frameworks;
			sourceTree = "<group>";
		};
		70B218DA27080F949661881A /* Pods */ = {
			isa = PBXGroup;
			children = (
				3A636BE9447A985A18231B38 /* Pods-CalcAreas.debug.xcconfig */,
				BA0CB622FC304B07C5A59CD9 /* Pods-CalcAreas.release.xcconfig */,
			);
			path = Pods;
			sourceTree = "<group>";
		};
/* End PBXGroup section */

/* Begin PBXNativeTarget section */
		627A396A29D7C16B00AF8BDD /* CalcAreas */ = {
			isa = PBXNativeTarget;
			buildConfigurationList = 627A397F29D7C16C00AF8BDD /* Build configuration list for PBXNativeTarget "CalcAreas" */;
			buildPhases = (
				518351FF0331489E19C3BE29 /* [CP] Check Pods Manifest.lock */,
				627A396729D7C16B00AF8BDD /* Sources */,
				627A396829D7C16B00AF8BDD /* Frameworks */,
				627A396929D7C16B00AF8BDD /* Resources */,
				F4F5243315E26BC0945513BE /* [CP] Embed Pods Frameworks */,
			);
			buildRules = (
			);
			dependencies = (
			);
			name = CalcAreas;
			productName = CalcAreas;
			productReference = 627A396B29D7C16B00AF8BDD /* CalcAreas.app */;
			productType = "com.apple.product-type.application";
		};
/* End PBXNativeTarget section */

/* Begin PBXProject section */
		627A396329D7C16B00AF8BDD /* Project object */ = {
			isa = PBXProject;
			attributes = {
				BuildIndependentTargetsInParallel = 1;
				LastSwiftUpdateCheck = 1420;
				LastUpgradeCheck = 1420;
				TargetAttributes = {
					627A396A29D7C16B00AF8BDD = {
						CreatedOnToolsVersion = 14.2;
					};
				};
			};
			buildConfigurationList = 627A396629D7C16B00AF8BDD /* Build configuration list for PBXProject "CalcAreas" */;
			compatibilityVersion = "Xcode 14.0";
			developmentRegion = en;
			hasScannedForEncodings = 0;
			knownRegions = (
				en,
				Base,
			);
			mainGroup = 627A396229D7C16B00AF8BDD;
			productRefGroup = 627A396C29D7C16B00AF8BDD /* Products */;
			projectDirPath = "";
			projectRoot = "";
			targets = (
				627A396A29D7C16B00AF8BDD /* CalcAreas */,
			);
		};
/* End PBXProject section */

/* Begin PBXResourcesBuildPhase section */
		627A396929D7C16B00AF8BDD /* Resources */ = {
			isa = PBXResourcesBuildPhase;
			buildActionMask = 2147483647;
			files = (
				627A397B29D7C16C00AF8BDD /* LaunchScreen.storyboard in Resources */,
				627A397829D7C16C00AF8BDD /* Assets.xcassets in Resources */,
			);
			runOnlyForDeploymentPostprocessing = 0;
		};
/* End PBXResourcesBuildPhase section */

/* Begin PBXShellScriptBuildPhase section */
		518351FF0331489E19C3BE29 /* [CP] Check Pods Manifest.lock */ = {
			isa = PBXShellScriptBuildPhase;
			buildActionMask = 2147483647;
			files = (
			);
			inputFileListPaths = (
			);
			inputPaths = (
				"${PODS_PODFILE_DIR_PATH}/Podfile.lock",
				"${PODS_ROOT}/Manifest.lock",
			);
			name = "[CP] Check Pods Manifest.lock";
			outputFileListPaths = (
			);
			outputPaths = (
				"$(DERIVED_FILE_DIR)/Pods-CalcAreas-checkManifestLockResult.txt",
			);
			runOnlyForDeploymentPostprocessing = 0;
			shellPath = /bin/sh;
			shellScript = "diff \"${PODS_PODFILE_DIR_PATH}/Podfile.lock\" \"${PODS_ROOT}/Manifest.lock\" > /dev/null\nif [ $? != 0 ] ; then\n    # print error to STDERR\n    echo \"error: The sandbox is not in sync with the Podfile.lock. Run 'pod install' or update your CocoaPods installation.\" >&2\n    exit 1\nfi\n# This output is used by Xcode 'outputs' to avoid re-running this script phase.\necho \"SUCCESS\" > \"${SCRIPT_OUTPUT_FILE_0}\"\n";
			showEnvVarsInLog = 0;
		};
		F4F5243315E26BC0945513BE /* [CP] Embed Pods Frameworks */ = {
			isa = PBXShellScriptBuildPhase;
			buildActionMask = 2147483647;
			files = (
			);
			inputFileListPaths = (
				"${PODS_ROOT}/Target Support Files/Pods-CalcAreas/Pods-CalcAreas-frameworks-${CONFIGURATION}-input-files.xcfilelist",
			);
			name = "[CP] Embed Pods Frameworks";
			outputFileListPaths = (
				"${PODS_ROOT}/Target Support Files/Pods-CalcAreas/Pods-CalcAreas-frameworks-${CONFIGURATION}-output-files.xcfilelist",
			);
			runOnlyForDeploymentPostprocessing = 0;
			shellPath = /bin/sh;
			shellScript = "\"${PODS_ROOT}/Target Support Files/Pods-CalcAreas/Pods-CalcAreas-frameworks.sh\"\n";
			showEnvVarsInLog = 0;
		};
/* End PBXShellScriptBuildPhase section */

/* Begin PBXSourcesBuildPhase section */
		627A396729D7C16B00AF8BDD /* Sources */ = {
			isa = PBXSourcesBuildPhase;
			buildActionMask = 2147483647;
			files = (
				627A396F29D7C16B00AF8BDD /* AppDelegate.swift in Sources */,
				627A397129D7C16B00AF8BDD /* SceneDelegate.swift in Sources */,
				627A398329D7C65100AF8BDD /* HomeViewController.swift in Sources */,
				627A398729D7C74800AF8BDD /* HomeScreen.swift in Sources */,
			);
			runOnlyForDeploymentPostprocessing = 0;
		};
/* End PBXSourcesBuildPhase section */

/* Begin PBXVariantGroup section */
		627A397929D7C16C00AF8BDD /* LaunchScreen.storyboard */ = {
			isa = PBXVariantGroup;
			children = (
				627A397A29D7C16C00AF8BDD /* Base */,
			);
			name = LaunchScreen.storyboard;
			sourceTree = "<group>";
		};
/* End PBXVariantGroup section */

/* Begin XCBuildConfiguration section */
		627A397D29D7C16C00AF8BDD /* Debug */ = {
			isa = XCBuildConfiguration;
			buildSettings = {
				ALWAYS_SEARCH_USER_PATHS = NO;
				CLANG_ANALYZER_NONNULL = YES;
				CLANG_ANALYZER_NUMBER_OBJECT_CONVERSION = YES_AGGRESSIVE;
				CLANG_CXX_LANGUAGE_STANDARD = "gnu++20";
				CLANG_ENABLE_MODULES = YES;
				CLANG_ENABLE_OBJC_ARC = YES;
				CLANG_ENABLE_OBJC_WEAK = YES;
				CLANG_WARN_BLOCK_CAPTURE_AUTORELEASING = YES;
				CLANG_WARN_BOOL_CONVERSION = YES;
				CLANG_WARN_COMMA = YES;
				CLANG_WARN_CONSTANT_CONVERSION = YES;
				CLANG_WARN_DEPRECATED_OBJC_IMPLEMENTATIONS = YES;
				CLANG_WARN_DIRECT_OBJC_ISA_USAGE = YES_ERROR;
				CLANG_WARN_DOCUMENTATION_COMMENTS = YES;
				CLANG_WARN_EMPTY_BODY = YES;
				CLANG_WARN_ENUM_CONVERSION = YES;
				CLANG_WARN_INFINITE_RECURSION = YES;
				CLANG_WARN_INT_CONVERSION = YES;
				CLANG_WARN_NON_LITERAL_NULL_CONVERSION = YES;
				CLANG_WARN_OBJC_IMPLICIT_RETAIN_SELF = YES;
				CLANG_WARN_OBJC_LITERAL_CONVERSION = YES;
				CLANG_WARN_OBJC_ROOT_CLASS = YES_ERROR;
				CLANG_WARN_QUOTED_INCLUDE_IN_FRAMEWORK_HEADER = YES;
				CLANG_WARN_RANGE_LOOP_ANALYSIS = YES;
				CLANG_WARN_STRICT_PROTOTYPES = YES;
				CLANG_WARN_SUSPICIOUS_MOVE = YES;
				CLANG_WARN_UNGUARDED_AVAILABILITY = YES_AGGRESSIVE;
				CLANG_WARN_UNREACHABLE_CODE = YES;
				CLANG_WARN__DUPLICATE_METHOD_MATCH = YES;
				COPY_PHASE_STRIP = NO;
				DEBUG_INFORMATION_FORMAT = dwarf;
				ENABLE_STRICT_OBJC_MSGSEND = YES;
				ENABLE_TESTABILITY = YES;
				GCC_C_LANGUAGE_STANDARD = gnu11;
				GCC_DYNAMIC_NO_PIC = NO;
				GCC_NO_COMMON_BLOCKS = YES;
				GCC_OPTIMIZATION_LEVEL = 0;
				GCC_PREPROCESSOR_DEFINITIONS = (
					"DEBUG=1",
					"$(inherited)",
				);
				GCC_WARN_64_TO_32_BIT_CONVERSION = YES;
				GCC_WARN_ABOUT_RETURN_TYPE = YES_ERROR;
				GCC_WARN_UNDECLARED_SELECTOR = YES;
				GCC_WARN_UNINITIALIZED_AUTOS = YES_AGGRESSIVE;
				GCC_WARN_UNUSED_FUNCTION = YES;
				GCC_WARN_UNUSED_VARIABLE = YES;
				IPHONEOS_DEPLOYMENT_TARGET = 16.2;
				MTL_ENABLE_DEBUG_INFO = INCLUDE_SOURCE;
				MTL_FAST_MATH = YES;
				ONLY_ACTIVE_ARCH = YES;
				SDKROOT = iphoneos;
				SWIFT_ACTIVE_COMPILATION_CONDITIONS = DEBUG;
				SWIFT_OPTIMIZATION_LEVEL = "-Onone";
			};
			name = Debug;
		};
		627A397E29D7C16C00AF8BDD /* Release */ = {
			isa = XCBuildConfiguration;
			buildSettings = {
				ALWAYS_SEARCH_USER_PATHS = NO;
				CLANG_ANALYZER_NONNULL = YES;
				CLANG_ANALYZER_NUMBER_OBJECT_CONVERSION = YES_AGGRESSIVE;
				CLANG_CXX_LANGUAGE_STANDARD = "gnu++20";
				CLANG_ENABLE_MODULES = YES;
				CLANG_ENABLE_OBJC_ARC = YES;
				CLANG_ENABLE_OBJC_WEAK = YES;
				CLANG_WARN_BLOCK_CAPTURE_AUTORELEASING = YES;
				CLANG_WARN_BOOL_CONVERSION = YES;
				CLANG_WARN_COMMA = YES;
				CLANG_WARN_CONSTANT_CONVERSION = YES;
				CLANG_WARN_DEPRECATED_OBJC_IMPLEMENTATIONS = YES;
				CLANG_WARN_DIRECT_OBJC_ISA_USAGE = YES_ERROR;
				CLANG_WARN_DOCUMENTATION_COMMENTS = YES;
				CLANG_WARN_EMPTY_BODY = YES;
				CLANG_WARN_ENUM_CONVERSION = YES;
				CLANG_WARN_INFINITE_RECURSION = YES;
				CLANG_WARN_INT_CONVERSION = YES;
				CLANG_WARN_NON_LITERAL_NULL_CONVERSION = YES;
				CLANG_WARN_OBJC_IMPLICIT_RETAIN_SELF = YES;
				CLANG_WARN_OBJC_LITERAL_CONVERSION = YES;
				CLANG_WARN_OBJC_ROOT_CLASS = YES_ERROR;
				CLANG_WARN_QUOTED_INCLUDE_IN_FRAMEWORK_HEADER = YES;
				CLANG_WARN_RANGE_LOOP_ANALYSIS = YES;
				CLANG_WARN_STRICT_PROTOTYPES = YES;
				CLANG_WARN_SUSPICIOUS_MOVE = YES;
				CLANG_WARN_UNGUARDED_AVAILABILITY = YES_AGGRESSIVE;
				CLANG_WARN_UNREACHABLE_CODE = YES;
				CLANG_WARN__DUPLICATE_METHOD_MATCH = YES;
				COPY_PHASE_STRIP = NO;
				DEBUG_INFORMATION_FORMAT = "dwarf-with-dsym";
				ENABLE_NS_ASSERTIONS = NO;
				ENABLE_STRICT_OBJC_MSGSEND = YES;
				GCC_C_LANGUAGE_STANDARD = gnu11;
				GCC_NO_COMMON_BLOCKS = YES;
				GCC_WARN_64_TO_32_BIT_CONVERSION = YES;
				GCC_WARN_ABOUT_RETURN_TYPE = YES_ERROR;
				GCC_WARN_UNDECLARED_SELECTOR = YES;
				GCC_WARN_UNINITIALIZED_AUTOS = YES_AGGRESSIVE;
				GCC_WARN_UNUSED_FUNCTION = YES;
				GCC_WARN_UNUSED_VARIABLE = YES;
				IPHONEOS_DEPLOYMENT_TARGET = 16.2;
				MTL_ENABLE_DEBUG_INFO = NO;
				MTL_FAST_MATH = YES;
				SDKROOT = iphoneos;
				SWIFT_COMPILATION_MODE = wholemodule;
				SWIFT_OPTIMIZATION_LEVEL = "-O";
				VALIDATE_PRODUCT = YES;
			};
			name = Release;
		};
		627A398029D7C16C00AF8BDD /* Debug */ = {
			isa = XCBuildConfiguration;
			baseConfigurationReference = 3A636BE9447A985A18231B38 /* Pods-CalcAreas.debug.xcconfig */;
			buildSettings = {
				ASSETCATALOG_COMPILER_APPICON_NAME = AppIcon;
				ASSETCATALOG_COMPILER_GLOBAL_ACCENT_COLOR_NAME = AccentColor;
				CODE_SIGN_STYLE = Automatic;
				CURRENT_PROJECT_VERSION = 1;
				DEVELOPMENT_TEAM = YJ272R32WY;
				GENERATE_INFOPLIST_FILE = YES;
				INFOPLIST_FILE = CalcAreas/Info.plist;
				INFOPLIST_KEY_UIApplicationSupportsIndirectInputEvents = YES;
				INFOPLIST_KEY_UILaunchStoryboardName = LaunchScreen;
				INFOPLIST_KEY_UIMainStoryboardFile = "";
				INFOPLIST_KEY_UISupportedInterfaceOrientations = UIInterfaceOrientationPortrait;
				INFOPLIST_KEY_UISupportedInterfaceOrientations_iPad = "UIInterfaceOrientationLandscapeLeft UIInterfaceOrientationLandscapeRight UIInterfaceOrientationPortrait UIInterfaceOrientationPortraitUpsideDown";
				LD_RUNPATH_SEARCH_PATHS = (
					"$(inherited)",
					"@executable_path/Frameworks",
				);
				MARKETING_VERSION = 1.0;
				PRODUCT_BUNDLE_IDENTIFIER = com.alanpitanga.CalcAreas;
				PRODUCT_NAME = "$(TARGET_NAME)";
				SUPPORTED_PLATFORMS = "iphoneos iphonesimulator";
				SUPPORTS_MACCATALYST = NO;
				SUPPORTS_MAC_DESIGNED_FOR_IPHONE_IPAD = NO;
				SWIFT_EMIT_LOC_STRINGS = YES;
				SWIFT_VERSION = 5.0;
				TARGETED_DEVICE_FAMILY = 1;
			};
			name = Debug;
		};
		627A398129D7C16C00AF8BDD /* Release */ = {
			isa = XCBuildConfiguration;
			baseConfigurationReference = BA0CB622FC304B07C5A59CD9 /* Pods-CalcAreas.release.xcconfig */;
			buildSettings = {
				ASSETCATALOG_COMPILER_APPICON_NAME = AppIcon;
				ASSETCATALOG_COMPILER_GLOBAL_ACCENT_COLOR_NAME = AccentColor;
				CODE_SIGN_STYLE = Automatic;
				CURRENT_PROJECT_VERSION = 1;
				DEVELOPMENT_TEAM = YJ272R32WY;
				GENERATE_INFOPLIST_FILE = YES;
				INFOPLIST_FILE = CalcAreas/Info.plist;
				INFOPLIST_KEY_UIApplicationSupportsIndirectInputEvents = YES;
				INFOPLIST_KEY_UILaunchStoryboardName = LaunchScreen;
				INFOPLIST_KEY_UIMainStoryboardFile = "";
				INFOPLIST_KEY_UISupportedInterfaceOrientations = UIInterfaceOrientationPortrait;
				INFOPLIST_KEY_UISupportedInterfaceOrientations_iPad = "UIInterfaceOrientationLandscapeLeft UIInterfaceOrientationLandscapeRight UIInterfaceOrientationPortrait UIInterfaceOrientationPortraitUpsideDown";
				LD_RUNPATH_SEARCH_PATHS = (
					"$(inherited)",
					"@executable_path/Frameworks",
				);
				MARKETING_VERSION = 1.0;
				PRODUCT_BUNDLE_IDENTIFIER = com.alanpitanga.CalcAreas;
				PRODUCT_NAME = "$(TARGET_NAME)";
				SUPPORTED_PLATFORMS = "iphoneos iphonesimulator";
				SUPPORTS_MACCATALYST = NO;
				SUPPORTS_MAC_DESIGNED_FOR_IPHONE_IPAD = NO;
				SWIFT_EMIT_LOC_STRINGS = YES;
				SWIFT_VERSION = 5.0;
				TARGETED_DEVICE_FAMILY = 1;
			};
			name = Release;
		};
/* End XCBuildConfiguration section */

/* Begin XCConfigurationList section */
		627A396629D7C16B00AF8BDD /* Build configuration list for PBXProject "CalcAreas" */ = {
			isa = XCConfigurationList;
			buildConfigurations = (
				627A397D29D7C16C00AF8BDD /* Debug */,
				627A397E29D7C16C00AF8BDD /* Release */,
			);
			defaultConfigurationIsVisible = 0;
			defaultConfigurationName = Release;
		};
		627A397F29D7C16C00AF8BDD /* Build configuration list for PBXNativeTarget "CalcAreas" */ = {
			isa = XCConfigurationList;
			buildConfigurations = (
				627A398029D7C16C00AF8BDD /* Debug */,
				627A398129D7C16C00AF8BDD /* Release */,
			);
			defaultConfigurationIsVisible = 0;
			defaultConfigurationName = Release;
		};
/* End XCConfigurationList section */
	};
	rootObject = 627A396329D7C16B00AF8BDD /* Project object */;
}
